{
  "version": 1,
  "dependencies": {
    "net8.0-windows7.0": {
      "System.ServiceProcess.ServiceController": {
        "type": "Direct",
        "requested": "[9.0.1, )",
        "resolved": "9.0.1",
        "contentHash": "Ghm4yP29P3cC65Qof8CrgU3WO/q3ERtht6/CrvcUl1FgRs6D7exj75GuG4ciRv0sjygtvyd675924DFsxxnEgA==",
        "dependencies": {
          "System.Diagnostics.EventLog": "9.0.1"
        }
      },
      "Newtonsoft.Json": {
        "type": "Transitive",
        "resolved": "13.0.3",
        "contentHash": "HrC5BXdl00IP9zeV+0Z848QWPAoCr9P3bDEZguI+gkLcBKAOxix/tLEAAHC+UvDNPv4a2d18lOReHMOagPa+zQ=="
      },
      "System.Diagnostics.EventLog": {
        "type": "Transitive",
        "resolved": "9.0.1",
        "contentHash": "iVnDpgYJsRaRFnk77kcLA3+913WfWDtnAKrQl9tQ5ahqKANTaJKmQdsuPWWiAPWE9pk1Kj4Pg9JGXWfFYYyakQ=="
      },
      "Core.System.Configuration.Install": {
        "type": "Project",
        "dependencies": {
          "Newtonsoft.Json": "[13.0.3, )"
        }
      }
    }
  }
}