{
  "version": 1,
  "dependencies": {
    "net8.0-windows7.0": {
      "System.ServiceProcess.ServiceController": {
        "type": "Direct",
        "requested": "[8.0.0, )",
        "resolved": "8.0.0",
        "contentHash": "jtYVG3bpw2n/NvNnP2g/JLri0D4UtfusTvLeH6cZPNAEjJXJVGspS3wLgVvjNbm+wjaYkFgsXejMTocV1T5DIQ==",
        "dependencies": {
          "System.Diagnostics.EventLog": "8.0.0"
        }
      },
      "Newtonsoft.Json": {
        "type": "Transitive",
        "resolved": "13.0.3",
        "contentHash": "HrC5BXdl00IP9zeV+0Z848QWPAoCr9P3bDEZguI+gkLcBKAOxix/tLEAAHC+UvDNPv4a2d18lOReHMOagPa+zQ=="
      },
      "System.Diagnostics.EventLog": {
        "type": "Transitive",
        "resolved": "8.0.0",
        "contentHash": "fdYxcRjQqTTacKId/2IECojlDSFvp7LP5N78+0z/xH7v/Tuw5ZAxu23Y6PTCRinqyu2ePx+Gn1098NC6jM6d+A=="
      },
      "Core.System.Configuration.Install": {
        "type": "Project",
        "dependencies": {
          "Newtonsoft.Json": "[13.0.3, )"
        }
      }
    }
  }
}