{
  "version": 1,
  "dependencies": {
    "net8.0-windows7.0": {
      "System.ServiceProcess.ServiceController": {
        "type": "Direct",
        "requested": "[9.0.2, )",
        "resolved": "9.0.2",
        "contentHash": "c69iiGEZ4xUv8aZTFd45K4SM08L2NLepihJ5vAb7Ekzgtk2Y8bUwt+3PQVstUl020dXW16R8hpiq/RZuzFFVyw==",
        "dependencies": {
          "System.Diagnostics.EventLog": "9.0.2"
        }
      },
      "Newtonsoft.Json": {
        "type": "Transitive",
        "resolved": "13.0.3",
        "contentHash": "HrC5BXdl00IP9zeV+0Z848QWPAoCr9P3bDEZguI+gkLcBKAOxix/tLEAAHC+UvDNPv4a2d18lOReHMOagPa+zQ=="
      },
      "System.Diagnostics.EventLog": {
        "type": "Transitive",
        "resolved": "9.0.2",
        "contentHash": "i+Fe6Fpst/onydFLBGilCr/Eh9OFdlaTU/c3alPp6IbLZXQJOgpIu3l4MOnmsN8fDYq5nAyHSqNIJesc74Yw3Q=="
      },
      "Core.System.Configuration.Install": {
        "type": "Project",
        "dependencies": {
          "Newtonsoft.Json": "[13.0.3, )"
        }
      }
    }
  }
}