{
  "version": 1,
  "dependencies": {
    "net8.0-windows7.0": {
      "System.Management": {
        "type": "Direct",
        "requested": "[9.0.1, )",
        "resolved": "9.0.1",
        "contentHash": "CLEo9O6FuO4GQ3ZQkGssg9CJ2w2TN7GMFf3wHTc7YVWJV4xoyJRPw+XIDQnCcSUJCrHhrAWOO60cAX29EV5LFQ==",
        "dependencies": {
          "System.CodeDom": "9.0.1"
        }
      },
      "System.ServiceProcess.ServiceController": {
        "type": "Direct",
        "requested": "[9.0.2, )",
        "resolved": "9.0.2",
        "contentHash": "c69iiGEZ4xUv8aZTFd45K4SM08L2NLepihJ5vAb7Ekzgtk2Y8bUwt+3PQVstUl020dXW16R8hpiq/RZuzFFVyw==",
        "dependencies": {
          "System.Diagnostics.EventLog": "9.0.2"
        }
      },
      "System.CodeDom": {
        "type": "Transitive",
        "resolved": "9.0.1",
        "contentHash": "2J5uq+2smnj+u1jlyVJ6BGGqaK9fHcK/EwN7mbsuPqTI6dZr86br8Cg6o/5B+icQ9ANTvTDpJjnhDNtYYZijHQ=="
      },
      "System.Diagnostics.EventLog": {
        "type": "Transitive",
        "resolved": "9.0.2",
        "contentHash": "i+Fe6Fpst/onydFLBGilCr/Eh9OFdlaTU/c3alPp6IbLZXQJOgpIu3l4MOnmsN8fDYq5nAyHSqNIJesc74Yw3Q=="
      }
    }
  }
}