{
  "version": 1,
  "dependencies": {
    "net8.0-windows7.0": {
      "System.Management": {
        "type": "Direct",
        "requested": "[9.0.1, )",
        "resolved": "9.0.1",
        "contentHash": "CLEo9O6FuO4GQ3ZQkGssg9CJ2w2TN7GMFf3wHTc7YVWJV4xoyJRPw+XIDQnCcSUJCrHhrAWOO60cAX29EV5LFQ==",
        "dependencies": {
          "System.CodeDom": "9.0.1"
        }
      },
      "System.ServiceProcess.ServiceController": {
        "type": "Direct",
        "requested": "[9.0.3, )",
        "resolved": "9.0.3",
        "contentHash": "moNbNXB7q4flS7bLjBTueu5MBZuxBHb08QTdVeDxJo55TgICdlaq4dvdmusB1D6VoUmq7/dT4uZDZ8KMZScHKg==",
        "dependencies": {
          "System.Diagnostics.EventLog": "9.0.3"
        }
      },
      "System.CodeDom": {
        "type": "Transitive",
        "resolved": "9.0.1",
        "contentHash": "2J5uq+2smnj+u1jlyVJ6BGGqaK9fHcK/EwN7mbsuPqTI6dZr86br8Cg6o/5B+icQ9ANTvTDpJjnhDNtYYZijHQ=="
      },
      "System.Diagnostics.EventLog": {
        "type": "Transitive",
        "resolved": "9.0.3",
        "contentHash": "0nDJBZ06DVdTG2vvCZ4XjazLVaFawdT0pnji23ISX8I8fEOlRJyzH2I0kWiAbCtFwry2Zir4qE4l/GStLATfFw=="
      }
    }
  }
}